
Microsoft Visual Studio Solution File, Format Version 12.00
# Visual Studio Version 17
VisualStudioVersion = 17.3.32901.215
MinimumVisualStudioVersion = 10.0.40219.1
Project("{FAE04EC0-301F-11D3-BF4B-00C04F79EFBC}") = "CardWizardWPF", "CardWizardWPF\CardWizardWPF.csproj", "{FE30D6E5-BC7B-40FD-B1DD-547706CAEFDD}"
EndProject
Global
	GlobalSection(SolutionConfigurationPlatforms) = preSolution
		Debug|Any CPU = Debug|Any CPU
		Release|Any CPU = Release|Any CPU
	EndGlobalSection
	GlobalSection(ProjectConfigurationPlatforms) = postSolution
		{FE30D6E5-BC7B-40FD-B1DD-547706CAEFDD}.Debug|Any CPU.ActiveCfg = Debug|Any CPU
		{FE30D6E5-BC7B-40FD-B1DD-547706CAEFDD}.Debug|Any CPU.Build.0 = Debug|Any CPU
		{FE30D6E5-BC7B-40FD-B1DD-547706CAEFDD}.Release|Any CPU.ActiveCfg = Release|Any CPU
		{FE30D6E5-BC7B-40FD-B1DD-547706CAEFDD}.Release|Any CPU.Build.0 = Release|Any CPU
	EndGlobalSection
	GlobalSection(SolutionProperties) = preSolution
		HideSolutionNode = FALSE
	EndGlobalSection
	GlobalSection(ExtensibilityGlobals) = postSolution
		SolutionGuid = {D5CFA7CF-5636-4DB5-996B-342090C45756}
	EndGlobalSection
EndGlobal
